{
    "version": 3,
    "terraform_version": "0.11.8",
    "serial": 8,
    "lineage": "234d28f1-72b5-cc4f-51d1-a40c9fcb678b",
    "modules": [
        {
            "path": [
                "root"
            ],
            "outputs": {
                "container_name": {
                    "sensitive": false,
                    "type": "string",
                    "value": "dev_blog"
                },
                "ip": {
                    "sensitive": false,
                    "type": "string",
                    "value": "172.17.0.2"
                }
            },
            "resources": {
                "null_resource.null_id": {
                    "type": "null_resource",
                    "depends_on": [
                        "module.container"
                    ],
                    "primary": {
                        "id": "9058148050801671732",
                        "attributes": {
                            "id": "9058148050801671732"
                        },
                        "meta": {},
                        "tainted": false
                    },
                    "deposed": [],
                    "provider": "provider.null"
                }
            },
            "depends_on": []
        },
        {
            "path": [
                "root",
                "container"
            ],
            "outputs": {
                "container_name": {
                    "sensitive": false,
                    "type": "string",
                    "value": "dev_blog"
                },
                "ip": {
                    "sensitive": false,
                    "type": "string",
                    "value": "172.17.0.2"
                }
            },
            "resources": {
                "docker_container.container_id": {
                    "type": "docker_container",
                    "depends_on": [],
                    "primary": {
                        "id": "cec988d301b2017a5f19c8e1b284d0ba1cf9624190e874b3838c8a793299b220",
                        "attributes": {
                            "bridge": "",
                            "gateway": "172.17.0.1",
                            "id": "cec988d301b2017a5f19c8e1b284d0ba1cf9624190e874b3838c8a793299b220",
                            "image": "sha256:871648027f18d162e26615bc19333ff7690ed081d2ea73d98793f9b66be48107",
                            "ip_address": "172.17.0.2",
                            "ip_prefix_length": "16",
                            "log_driver": "json-file",
                            "must_run": "true",
                            "name": "dev_blog",
                            "ports.#": "1",
                            "ports.580670141.external": "80",
                            "ports.580670141.internal": "2368",
                            "ports.580670141.ip": "",
                            "ports.580670141.protocol": "tcp",
                            "restart": "no"
                        },
                        "meta": {},
                        "tainted": false
                    },
                    "deposed": [],
                    "provider": "provider.docker"
                }
            },
            "depends_on": []
        },
        {
            "path": [
                "root",
                "image"
            ],
            "outputs": {
                "image_out": {
                    "sensitive": false,
                    "type": "string",
                    "value": "sha256:871648027f18d162e26615bc19333ff7690ed081d2ea73d98793f9b66be48107"
                }
            },
            "resources": {
                "docker_image.image_id": {
                    "type": "docker_image",
                    "depends_on": [],
                    "primary": {
                        "id": "sha256:871648027f18d162e26615bc19333ff7690ed081d2ea73d98793f9b66be48107ghost:latest",
                        "attributes": {
                            "id": "sha256:871648027f18d162e26615bc19333ff7690ed081d2ea73d98793f9b66be48107ghost:latest",
                            "latest": "sha256:871648027f18d162e26615bc19333ff7690ed081d2ea73d98793f9b66be48107",
                            "name": "ghost:latest"
                        },
                        "meta": {},
                        "tainted": false
                    },
                    "deposed": [],
                    "provider": "provider.docker"
                }
            },
            "depends_on": []
        }
    ]
}
