{
    "version": 3,
    "terraform_version": "0.11.8",
    "serial": 2,
    "lineage": "8bb816a8-4eb3-6755-30d4-d1c0ae4e4a22",
    "modules": [
        {
            "path": [
                "root"
            ],
            "outputs": {
                "container_name": {
                    "sensitive": false,
                    "type": "string",
                    "value": "prod-blog"
                },
                "ip": {
                    "sensitive": false,
                    "type": "string",
                    "value": "172.17.0.3"
                }
            },
            "resources": {},
            "depends_on": []
        },
        {
            "path": [
                "root",
                "container"
            ],
            "outputs": {
                "container_name": {
                    "sensitive": false,
                    "type": "string",
                    "value": "prod-blog"
                },
                "ip": {
                    "sensitive": false,
                    "type": "string",
                    "value": "172.17.0.3"
                }
            },
            "resources": {
                "docker_container.container_id": {
                    "type": "docker_container",
                    "depends_on": [],
                    "primary": {
                        "id": "dc4901c7365bd7adcf4ac5ab077843c8ad1f57d04e1c041078da3008a392f387",
                        "attributes": {
                            "bridge": "",
                            "gateway": "172.17.0.1",
                            "id": "dc4901c7365bd7adcf4ac5ab077843c8ad1f57d04e1c041078da3008a392f387",
                            "image": "sha256:6123dae0bd2a39c4309c203f3fcfdf0142c76c83de55e9a362e38fb42dfc2727",
                            "ip_address": "172.17.0.3",
                            "ip_prefix_length": "16",
                            "log_driver": "json-file",
                            "must_run": "true",
                            "name": "prod-blog",
                            "ports.#": "1",
                            "ports.1136498792.external": "8080",
                            "ports.1136498792.internal": "2368",
                            "ports.1136498792.ip": "",
                            "ports.1136498792.protocol": "tcp",
                            "restart": "no"
                        },
                        "meta": {},
                        "tainted": false
                    },
                    "deposed": [],
                    "provider": "provider.docker"
                }
            },
            "depends_on": []
        },
        {
            "path": [
                "root",
                "image"
            ],
            "outputs": {
                "image_out": {
                    "sensitive": false,
                    "type": "string",
                    "value": "sha256:6123dae0bd2a39c4309c203f3fcfdf0142c76c83de55e9a362e38fb42dfc2727"
                }
            },
            "resources": {
                "docker_image.image_id": {
                    "type": "docker_image",
                    "depends_on": [],
                    "primary": {
                        "id": "sha256:6123dae0bd2a39c4309c203f3fcfdf0142c76c83de55e9a362e38fb42dfc2727ghost:alpine",
                        "attributes": {
                            "id": "sha256:6123dae0bd2a39c4309c203f3fcfdf0142c76c83de55e9a362e38fb42dfc2727ghost:alpine",
                            "latest": "sha256:6123dae0bd2a39c4309c203f3fcfdf0142c76c83de55e9a362e38fb42dfc2727",
                            "name": "ghost:alpine"
                        },
                        "meta": {},
                        "tainted": false
                    },
                    "deposed": [],
                    "provider": "provider.docker"
                }
            },
            "depends_on": []
        }
    ]
}
